// !$*UTF8*$!
{
	archiveVersion = 1;
	classes = {
	};
	objectVersion = 46;
	objects = {

/* Begin PBXBuildFile section */
		0E8551DC84EC4EA1A5A758DF /* libPods.a in Frameworks */ = {isa = PBXBuildFile; fileRef = 7B882911A45D47A4A9F2E946 /* libPods.a */; };
		6405B11115FAE9DA008292EA /* NewTopicCell.m in Sources */ = {isa = PBXBuildFile; fileRef = 6405B11015FAE9DA008292EA /* NewTopicCell.m */; };
		6405B11415FAF008008292EA /* TopicsViewController.m in Sources */ = {isa = PBXBuildFile; fileRef = 6405B11315FAF008008292EA /* TopicsViewController.m */; };
		6447941B15EC234C001CEBB0 /* UIKit.framework in Frameworks */ = {isa = PBXBuildFile; fileRef = 6447941A15EC234C001CEBB0 /* UIKit.framework */; };
		6447941D15EC234C001CEBB0 /* Foundation.framework in Frameworks */ = {isa = PBXBuildFile; fileRef = 6447941C15EC234C001CEBB0 /* Foundation.framework */; };
		6447941F15EC234C001CEBB0 /* CoreGraphics.framework in Frameworks */ = {isa = PBXBuildFile; fileRef = 6447941E15EC234C001CEBB0 /* CoreGraphics.framework */; };
		6447942515EC234C001CEBB0 /* InfoPlist.strings in Resources */ = {isa = PBXBuildFile; fileRef = 6447942315EC234C001CEBB0 /* InfoPlist.strings */; };
		6447942715EC234C001CEBB0 /* main.m in Sources */ = {isa = PBXBuildFile; fileRef = 6447942615EC234C001CEBB0 /* main.m */; };
		6447942B15EC234C001CEBB0 /* AppDelegate.m in Sources */ = {isa = PBXBuildFile; fileRef = 6447942A15EC234C001CEBB0 /* AppDelegate.m */; };
		644794BD15EC2D63001CEBB0 /* QuartzCore.framework in Frameworks */ = {isa = PBXBuildFile; fileRef = 644794BC15EC2D63001CEBB0 /* QuartzCore.framework */; };
		644794C315EC3022001CEBB0 /* SignInViewController.m in Sources */ = {isa = PBXBuildFile; fileRef = 644794C115EC3022001CEBB0 /* SignInViewController.m */; };
		644794C415EC3022001CEBB0 /* SignInViewController.xib in Resources */ = {isa = PBXBuildFile; fileRef = 644794C215EC3022001CEBB0 /* SignInViewController.xib */; };
		644794CF15EC358D001CEBB0 /* MenuViewController.m in Sources */ = {isa = PBXBuildFile; fileRef = 644794CE15EC358D001CEBB0 /* MenuViewController.m */; };
		644794F615EC5AF5001CEBB0 /* User.m in Sources */ = {isa = PBXBuildFile; fileRef = 644794F515EC5AF5001CEBB0 /* User.m */; };
		6480665C15FFBABF000CC223 /* UsersStore.m in Sources */ = {isa = PBXBuildFile; fileRef = 6480665B15FFBABF000CC223 /* UsersStore.m */; };
		648229F815ED543E00844696 /* SubscriptionsViewController.m in Sources */ = {isa = PBXBuildFile; fileRef = 648229F615ED543E00844696 /* SubscriptionsViewController.m */; };
		648229FC15ED560400844696 /* MenuCell.m in Sources */ = {isa = PBXBuildFile; fileRef = 648229FB15ED560400844696 /* MenuCell.m */; };
		64822A0B15ED71E800844696 /* TopicCell.m in Sources */ = {isa = PBXBuildFile; fileRef = 64822A0A15ED71E800844696 /* TopicCell.m */; };
		64822A0E15ED73CC00844696 /* MBProgressHUD.m in Sources */ = {isa = PBXBuildFile; fileRef = 64822A0D15ED73CC00844696 /* MBProgressHUD.m */; };
		64822A1615ED7CFB00844696 /* TopicsStore.m in Sources */ = {isa = PBXBuildFile; fileRef = 64822A1515ED7CFB00844696 /* TopicsStore.m */; };
		649CE57615FA84CB00F38512 /* SessionStore.m in Sources */ = {isa = PBXBuildFile; fileRef = 649CE57515FA84CB00F38512 /* SessionStore.m */; };
		649CE57A15FAA38B00F38512 /* SubscriptionsStore.m in Sources */ = {isa = PBXBuildFile; fileRef = 649CE57915FAA38B00F38512 /* SubscriptionsStore.m */; };
		649CE57D15FAA71C00F38512 /* Subscription.m in Sources */ = {isa = PBXBuildFile; fileRef = 649CE57C15FAA71C00F38512 /* Subscription.m */; };
		649E82B015FC1C9A0077EEF7 /* TagsStore.m in Sources */ = {isa = PBXBuildFile; fileRef = 649E82AF15FC1C9A0077EEF7 /* TagsStore.m */; };
		64A1C09E15EEEBE100A71B48 /* Topic.m in Sources */ = {isa = PBXBuildFile; fileRef = 64A1C09D15EEEBE100A71B48 /* Topic.m */; };
		64E06DD915FE69C80076D4BC /* MapKit.framework in Frameworks */ = {isa = PBXBuildFile; fileRef = 64E06DD815FE69C80076D4BC /* MapKit.framework */; };
		64E06DDD15FE72740076D4BC /* Tag.m in Sources */ = {isa = PBXBuildFile; fileRef = 64E06DDC15FE72740076D4BC /* Tag.m */; };
		64E06DE015FE78C20076D4BC /* TagCell.m in Sources */ = {isa = PBXBuildFile; fileRef = 64E06DDF15FE78C20076D4BC /* TagCell.m */; };
		64E06DEA15FE9C960076D4BC /* TagsViewController.m in Sources */ = {isa = PBXBuildFile; fileRef = 64E06DE915FE9C960076D4BC /* TagsViewController.m */; };
		64E06DF315FF17E50076D4BC /* signin.png in Resources */ = {isa = PBXBuildFile; fileRef = 64E06DF115FF17E50076D4BC /* signin.png */; };
		64E06DF415FF17E50076D4BC /* signin@2x.png in Resources */ = {isa = PBXBuildFile; fileRef = 64E06DF215FF17E50076D4BC /* signin@2x.png */; };
		64E06DFB15FF1F260076D4BC /* ButtonSignin.png in Resources */ = {isa = PBXBuildFile; fileRef = 64E06DF915FF1F260076D4BC /* ButtonSignin.png */; };
		64E06DFC15FF1F260076D4BC /* ButtonSignin@2x.png in Resources */ = {isa = PBXBuildFile; fileRef = 64E06DFA15FF1F260076D4BC /* ButtonSignin@2x.png */; };
		64E06DFF15FF205F0076D4BC /* BackgroundNavigationBar.png in Resources */ = {isa = PBXBuildFile; fileRef = 64E06DFD15FF205E0076D4BC /* BackgroundNavigationBar.png */; };
		64E06E0015FF205F0076D4BC /* BackgroundNavigationBar@2x.png in Resources */ = {isa = PBXBuildFile; fileRef = 64E06DFE15FF205E0076D4BC /* BackgroundNavigationBar@2x.png */; };
		64E06E0315FF220B0076D4BC /* BackgroundCell.png in Resources */ = {isa = PBXBuildFile; fileRef = 64E06E0115FF220A0076D4BC /* BackgroundCell.png */; };
		64E06E0415FF220B0076D4BC /* BackgroundCell@2x.png in Resources */ = {isa = PBXBuildFile; fileRef = 64E06E0215FF220A0076D4BC /* BackgroundCell@2x.png */; };
		64E06E0715FF28B90076D4BC /* Background.png in Resources */ = {isa = PBXBuildFile; fileRef = 64E06E0515FF28B80076D4BC /* Background.png */; };
		64E06E0815FF28B90076D4BC /* Background@2x.png in Resources */ = {isa = PBXBuildFile; fileRef = 64E06E0615FF28B80076D4BC /* Background@2x.png */; };
		64E06E0D15FF2AD70076D4BC /* ButtonBack.png in Resources */ = {isa = PBXBuildFile; fileRef = 64E06E0915FF2AD30076D4BC /* ButtonBack.png */; };
		64E06E0E15FF2AD70076D4BC /* ButtonBack@2x.png in Resources */ = {isa = PBXBuildFile; fileRef = 64E06E0A15FF2AD40076D4BC /* ButtonBack@2x.png */; };
		64E06E0F15FF2AD70076D4BC /* ButtonBackSelected.png in Resources */ = {isa = PBXBuildFile; fileRef = 64E06E0B15FF2AD50076D4BC /* ButtonBackSelected.png */; };
		64E06E1015FF2AD70076D4BC /* ButtonBackSelected@2x.png in Resources */ = {isa = PBXBuildFile; fileRef = 64E06E0C15FF2AD60076D4BC /* ButtonBackSelected@2x.png */; };
		64E06E1515FF2B070076D4BC /* ButtonNavigationBar.png in Resources */ = {isa = PBXBuildFile; fileRef = 64E06E1115FF2B040076D4BC /* ButtonNavigationBar.png */; };
		64E06E1615FF2B070076D4BC /* ButtonNavigationBar@2x.png in Resources */ = {isa = PBXBuildFile; fileRef = 64E06E1215FF2B050076D4BC /* ButtonNavigationBar@2x.png */; };
		64E06E1715FF2B070076D4BC /* ButtonNavigationBarSelected.png in Resources */ = {isa = PBXBuildFile; fileRef = 64E06E1315FF2B050076D4BC /* ButtonNavigationBarSelected.png */; };
		64E06E1815FF2B070076D4BC /* ButtonNavigationBarSelected@2x.png in Resources */ = {isa = PBXBuildFile; fileRef = 64E06E1415FF2B060076D4BC /* ButtonNavigationBarSelected@2x.png */; };
/* End PBXBuildFile section */

/* Begin PBXFileReference section */
		4EB67BCFB68340BABEE27A81 /* Pods.xcconfig */ = {isa = PBXFileReference; includeInIndex = 1; lastKnownFileType = text.xcconfig; name = Pods.xcconfig; path = Pods/Pods.xcconfig; sourceTree = SOURCE_ROOT; };
		6405B10F15FAE9DA008292EA /* NewTopicCell.h */ = {isa = PBXFileReference; fileEncoding = 4; lastKnownFileType = sourcecode.c.h; path = NewTopicCell.h; sourceTree = "<group>"; };
		6405B11015FAE9DA008292EA /* NewTopicCell.m */ = {isa = PBXFileReference; fileEncoding = 4; lastKnownFileType = sourcecode.c.objc; path = NewTopicCell.m; sourceTree = "<group>"; };
		6405B11215FAF007008292EA /* TopicsViewController.h */ = {isa = PBXFileReference; fileEncoding = 4; lastKnownFileType = sourcecode.c.h; path = TopicsViewController.h; sourceTree = "<group>"; };
		6405B11315FAF008008292EA /* TopicsViewController.m */ = {isa = PBXFileReference; fileEncoding = 4; lastKnownFileType = sourcecode.c.objc; path = TopicsViewController.m; sourceTree = "<group>"; };
		6447941615EC234B001CEBB0 /* hopup.app */ = {isa = PBXFileReference; explicitFileType = wrapper.application; includeInIndex = 0; path = hopup.app; sourceTree = BUILT_PRODUCTS_DIR; };
		6447941A15EC234C001CEBB0 /* UIKit.framework */ = {isa = PBXFileReference; includeInIndex = 1; lastKnownFileType = wrapper.framework; name = UIKit.framework; path = System/Library/Frameworks/UIKit.framework; sourceTree = SDKROOT; };
		6447941C15EC234C001CEBB0 /* Foundation.framework */ = {isa = PBXFileReference; includeInIndex = 1; lastKnownFileType = wrapper.framework; name = Foundation.framework; path = System/Library/Frameworks/Foundation.framework; sourceTree = SDKROOT; };
		6447941E15EC234C001CEBB0 /* CoreGraphics.framework */ = {isa = PBXFileReference; includeInIndex = 1; lastKnownFileType = wrapper.framework; name = CoreGraphics.framework; path = System/Library/Frameworks/CoreGraphics.framework; sourceTree = SDKROOT; };
		6447942215EC234C001CEBB0 /* hopup-Info.plist */ = {isa = PBXFileReference; lastKnownFileType = text.plist.xml; path = "hopup-Info.plist"; sourceTree = "<group>"; };
		6447942415EC234C001CEBB0 /* en */ = {isa = PBXFileReference; lastKnownFileType = text.plist.strings; name = en; path = en.lproj/InfoPlist.strings; sourceTree = "<group>"; };
		6447942615EC234C001CEBB0 /* main.m */ = {isa = PBXFileReference; lastKnownFileType = sourcecode.c.objc; path = main.m; sourceTree = "<group>"; };
		6447942815EC234C001CEBB0 /* hopup-Prefix.pch */ = {isa = PBXFileReference; lastKnownFileType = sourcecode.c.h; path = "hopup-Prefix.pch"; sourceTree = "<group>"; };
		6447942915EC234C001CEBB0 /* AppDelegate.h */ = {isa = PBXFileReference; lastKnownFileType = sourcecode.c.h; path = AppDelegate.h; sourceTree = "<group>"; };
		6447942A15EC234C001CEBB0 /* AppDelegate.m */ = {isa = PBXFileReference; lastKnownFileType = sourcecode.c.objc; path = AppDelegate.m; sourceTree = "<group>"; };
		644794BC15EC2D63001CEBB0 /* QuartzCore.framework */ = {isa = PBXFileReference; includeInIndex = 1; lastKnownFileType = wrapper.framework; name = QuartzCore.framework; path = System/Library/Frameworks/QuartzCore.framework; sourceTree = SDKROOT; };
		644794C015EC3022001CEBB0 /* SignInViewController.h */ = {isa = PBXFileReference; fileEncoding = 4; lastKnownFileType = sourcecode.c.h; path = SignInViewController.h; sourceTree = "<group>"; };
		644794C115EC3022001CEBB0 /* SignInViewController.m */ = {isa = PBXFileReference; fileEncoding = 4; lastKnownFileType = sourcecode.c.objc; path = SignInViewController.m; sourceTree = "<group>"; };
		644794C215EC3022001CEBB0 /* SignInViewController.xib */ = {isa = PBXFileReference; fileEncoding = 4; lastKnownFileType = file.xib; path = SignInViewController.xib; sourceTree = "<group>"; };
		644794CD15EC358D001CEBB0 /* MenuViewController.h */ = {isa = PBXFileReference; fileEncoding = 4; lastKnownFileType = sourcecode.c.h; path = MenuViewController.h; sourceTree = "<group>"; };
		644794CE15EC358D001CEBB0 /* MenuViewController.m */ = {isa = PBXFileReference; fileEncoding = 4; lastKnownFileType = sourcecode.c.objc; path = MenuViewController.m; sourceTree = "<group>"; };
		644794D715EC3E62001CEBB0 /* SignInViewControllerDelegate.h */ = {isa = PBXFileReference; lastKnownFileType = sourcecode.c.h; path = SignInViewControllerDelegate.h; sourceTree = "<group>"; };
		644794F415EC5AF5001CEBB0 /* User.h */ = {isa = PBXFileReference; fileEncoding = 4; lastKnownFileType = sourcecode.c.h; path = User.h; sourceTree = "<group>"; };
		644794F515EC5AF5001CEBB0 /* User.m */ = {isa = PBXFileReference; fileEncoding = 4; lastKnownFileType = sourcecode.c.objc; path = User.m; sourceTree = "<group>"; };
		6480665A15FFBABF000CC223 /* UsersStore.h */ = {isa = PBXFileReference; fileEncoding = 4; lastKnownFileType = sourcecode.c.h; path = UsersStore.h; sourceTree = "<group>"; };
		6480665B15FFBABF000CC223 /* UsersStore.m */ = {isa = PBXFileReference; fileEncoding = 4; lastKnownFileType = sourcecode.c.objc; path = UsersStore.m; sourceTree = "<group>"; };
		648229F515ED543E00844696 /* SubscriptionsViewController.h */ = {isa = PBXFileReference; fileEncoding = 4; lastKnownFileType = sourcecode.c.h; path = SubscriptionsViewController.h; sourceTree = "<group>"; };
		648229F615ED543E00844696 /* SubscriptionsViewController.m */ = {isa = PBXFileReference; fileEncoding = 4; lastKnownFileType = sourcecode.c.objc; path = SubscriptionsViewController.m; sourceTree = "<group>"; };
		648229FA15ED560400844696 /* MenuCell.h */ = {isa = PBXFileReference; fileEncoding = 4; lastKnownFileType = sourcecode.c.h; path = MenuCell.h; sourceTree = "<group>"; };
		648229FB15ED560400844696 /* MenuCell.m */ = {isa = PBXFileReference; fileEncoding = 4; lastKnownFileType = sourcecode.c.objc; path = MenuCell.m; sourceTree = "<group>"; };
		64822A0915ED71E800844696 /* TopicCell.h */ = {isa = PBXFileReference; fileEncoding = 4; lastKnownFileType = sourcecode.c.h; path = TopicCell.h; sourceTree = "<group>"; };
		64822A0A15ED71E800844696 /* TopicCell.m */ = {isa = PBXFileReference; fileEncoding = 4; lastKnownFileType = sourcecode.c.objc; path = TopicCell.m; sourceTree = "<group>"; };
		64822A0C15ED73CC00844696 /* MBProgressHUD.h */ = {isa = PBXFileReference; fileEncoding = 4; lastKnownFileType = sourcecode.c.h; name = MBProgressHUD.h; path = MBProgressHUD/MBProgressHUD.h; sourceTree = SOURCE_ROOT; };
		64822A0D15ED73CC00844696 /* MBProgressHUD.m */ = {isa = PBXFileReference; fileEncoding = 4; lastKnownFileType = sourcecode.c.objc; name = MBProgressHUD.m; path = MBProgressHUD/MBProgressHUD.m; sourceTree = SOURCE_ROOT; };
		64822A1415ED7CFB00844696 /* TopicsStore.h */ = {isa = PBXFileReference; fileEncoding = 4; lastKnownFileType = sourcecode.c.h; path = TopicsStore.h; sourceTree = "<group>"; };
		64822A1515ED7CFB00844696 /* TopicsStore.m */ = {isa = PBXFileReference; fileEncoding = 4; lastKnownFileType = sourcecode.c.objc; path = TopicsStore.m; sourceTree = "<group>"; };
		649CE57415FA84CB00F38512 /* SessionStore.h */ = {isa = PBXFileReference; fileEncoding = 4; lastKnownFileType = sourcecode.c.h; path = SessionStore.h; sourceTree = "<group>"; };
		649CE57515FA84CB00F38512 /* SessionStore.m */ = {isa = PBXFileReference; fileEncoding = 4; lastKnownFileType = sourcecode.c.objc; path = SessionStore.m; sourceTree = "<group>"; };
		649CE57815FAA38B00F38512 /* SubscriptionsStore.h */ = {isa = PBXFileReference; fileEncoding = 4; lastKnownFileType = sourcecode.c.h; path = SubscriptionsStore.h; sourceTree = "<group>"; };
		649CE57915FAA38B00F38512 /* SubscriptionsStore.m */ = {isa = PBXFileReference; fileEncoding = 4; lastKnownFileType = sourcecode.c.objc; path = SubscriptionsStore.m; sourceTree = "<group>"; };
		649CE57B15FAA71C00F38512 /* Subscription.h */ = {isa = PBXFileReference; fileEncoding = 4; lastKnownFileType = sourcecode.c.h; path = Subscription.h; sourceTree = "<group>"; };
		649CE57C15FAA71C00F38512 /* Subscription.m */ = {isa = PBXFileReference; fileEncoding = 4; lastKnownFileType = sourcecode.c.objc; path = Subscription.m; sourceTree = "<group>"; };
		649E82AE15FC1C9A0077EEF7 /* TagsStore.h */ = {isa = PBXFileReference; fileEncoding = 4; lastKnownFileType = sourcecode.c.h; path = TagsStore.h; sourceTree = "<group>"; };
		649E82AF15FC1C9A0077EEF7 /* TagsStore.m */ = {isa = PBXFileReference; fileEncoding = 4; lastKnownFileType = sourcecode.c.objc; path = TagsStore.m; sourceTree = "<group>"; };
		64A1C09C15EEEBE100A71B48 /* Topic.h */ = {isa = PBXFileReference; fileEncoding = 4; lastKnownFileType = sourcecode.c.h; path = Topic.h; sourceTree = "<group>"; };
		64A1C09D15EEEBE100A71B48 /* Topic.m */ = {isa = PBXFileReference; fileEncoding = 4; lastKnownFileType = sourcecode.c.objc; path = Topic.m; sourceTree = "<group>"; };
		64E06DD815FE69C80076D4BC /* MapKit.framework */ = {isa = PBXFileReference; lastKnownFileType = wrapper.framework; name = MapKit.framework; path = System/Library/Frameworks/MapKit.framework; sourceTree = SDKROOT; };
		64E06DDB15FE72740076D4BC /* Tag.h */ = {isa = PBXFileReference; fileEncoding = 4; lastKnownFileType = sourcecode.c.h; path = Tag.h; sourceTree = "<group>"; };
		64E06DDC15FE72740076D4BC /* Tag.m */ = {isa = PBXFileReference; fileEncoding = 4; lastKnownFileType = sourcecode.c.objc; path = Tag.m; sourceTree = "<group>"; };
		64E06DDE15FE78C20076D4BC /* TagCell.h */ = {isa = PBXFileReference; fileEncoding = 4; lastKnownFileType = sourcecode.c.h; path = TagCell.h; sourceTree = "<group>"; };
		64E06DDF15FE78C20076D4BC /* TagCell.m */ = {isa = PBXFileReference; fileEncoding = 4; lastKnownFileType = sourcecode.c.objc; path = TagCell.m; sourceTree = "<group>"; };
		64E06DE815FE9C960076D4BC /* TagsViewController.h */ = {isa = PBXFileReference; fileEncoding = 4; lastKnownFileType = sourcecode.c.h; path = TagsViewController.h; sourceTree = "<group>"; };
		64E06DE915FE9C960076D4BC /* TagsViewController.m */ = {isa = PBXFileReference; fileEncoding = 4; lastKnownFileType = sourcecode.c.objc; path = TagsViewController.m; sourceTree = "<group>"; };
		64E06DF115FF17E50076D4BC /* signin.png */ = {isa = PBXFileReference; lastKnownFileType = image.png; path = signin.png; sourceTree = "<group>"; };
		64E06DF215FF17E50076D4BC /* signin@2x.png */ = {isa = PBXFileReference; lastKnownFileType = image.png; path = "signin@2x.png"; sourceTree = "<group>"; };
		64E06DF915FF1F260076D4BC /* ButtonSignin.png */ = {isa = PBXFileReference; lastKnownFileType = image.png; path = ButtonSignin.png; sourceTree = "<group>"; };
		64E06DFA15FF1F260076D4BC /* ButtonSignin@2x.png */ = {isa = PBXFileReference; lastKnownFileType = image.png; path = "ButtonSignin@2x.png"; sourceTree = "<group>"; };
		64E06DFD15FF205E0076D4BC /* BackgroundNavigationBar.png */ = {isa = PBXFileReference; lastKnownFileType = image.png; path = BackgroundNavigationBar.png; sourceTree = "<group>"; };
		64E06DFE15FF205E0076D4BC /* BackgroundNavigationBar@2x.png */ = {isa = PBXFileReference; lastKnownFileType = image.png; path = "BackgroundNavigationBar@2x.png"; sourceTree = "<group>"; };
		64E06E0115FF220A0076D4BC /* BackgroundCell.png */ = {isa = PBXFileReference; lastKnownFileType = image.png; path = BackgroundCell.png; sourceTree = "<group>"; };
		64E06E0215FF220A0076D4BC /* BackgroundCell@2x.png */ = {isa = PBXFileReference; lastKnownFileType = image.png; path = "BackgroundCell@2x.png"; sourceTree = "<group>"; };
		64E06E0515FF28B80076D4BC /* Background.png */ = {isa = PBXFileReference; lastKnownFileType = image.png; path = Background.png; sourceTree = "<group>"; };
		64E06E0615FF28B80076D4BC /* Background@2x.png */ = {isa = PBXFileReference; lastKnownFileType = image.png; path = "Background@2x.png"; sourceTree = "<group>"; };
		64E06E0915FF2AD30076D4BC /* ButtonBack.png */ = {isa = PBXFileReference; lastKnownFileType = image.png; path = ButtonBack.png; sourceTree = "<group>"; };
		64E06E0A15FF2AD40076D4BC /* ButtonBack@2x.png */ = {isa = PBXFileReference; lastKnownFileType = image.png; path = "ButtonBack@2x.png"; sourceTree = "<group>"; };
		64E06E0B15FF2AD50076D4BC /* ButtonBackSelected.png */ = {isa = PBXFileReference; lastKnownFileType = image.png; path = ButtonBackSelected.png; sourceTree = "<group>"; };
		64E06E0C15FF2AD60076D4BC /* ButtonBackSelected@2x.png */ = {isa = PBXFileReference; lastKnownFileType = image.png; path = "ButtonBackSelected@2x.png"; sourceTree = "<group>"; };
		64E06E1115FF2B040076D4BC /* ButtonNavigationBar.png */ = {isa = PBXFileReference; lastKnownFileType = image.png; path = ButtonNavigationBar.png; sourceTree = "<group>"; };
		64E06E1215FF2B050076D4BC /* ButtonNavigationBar@2x.png */ = {isa = PBXFileReference; lastKnownFileType = image.png; path = "ButtonNavigationBar@2x.png"; sourceTree = "<group>"; };
		64E06E1315FF2B050076D4BC /* ButtonNavigationBarSelected.png */ = {isa = PBXFileReference; lastKnownFileType = image.png; path = ButtonNavigationBarSelected.png; sourceTree = "<group>"; };
		64E06E1415FF2B060076D4BC /* ButtonNavigationBarSelected@2x.png */ = {isa = PBXFileReference; lastKnownFileType = image.png; path = "ButtonNavigationBarSelected@2x.png"; sourceTree = "<group>"; };
		7B882911A45D47A4A9F2E946 /* libPods.a */ = {isa = PBXFileReference; explicitFileType = archive.ar; includeInIndex = 0; path = libPods.a; sourceTree = BUILT_PRODUCTS_DIR; };
/* End PBXFileReference section */

/* Begin PBXFrameworksBuildPhase section */
		6447941315EC234B001CEBB0 /* Frameworks */ = {
			isa = PBXFrameworksBuildPhase;
			buildActionMask = 2147483647;
			files = (
				64E06DD915FE69C80076D4BC /* MapKit.framework in Frameworks */,
				644794BD15EC2D63001CEBB0 /* QuartzCore.framework in Frameworks */,
				6447941B15EC234C001CEBB0 /* UIKit.framework in Frameworks */,
				6447941D15EC234C001CEBB0 /* Foundation.framework in Frameworks */,
				6447941F15EC234C001CEBB0 /* CoreGraphics.framework in Frameworks */,
				0E8551DC84EC4EA1A5A758DF /* libPods.a in Frameworks */,
			);
			runOnlyForDeploymentPostprocessing = 0;
		};
/* End PBXFrameworksBuildPhase section */

/* Begin PBXGroup section */
		6447940B15EC234B001CEBB0 = {
			isa = PBXGroup;
			children = (
				6447942015EC234C001CEBB0 /* hopup */,
				6447941915EC234B001CEBB0 /* Frameworks */,
				6447941715EC234B001CEBB0 /* Products */,
				4EB67BCFB68340BABEE27A81 /* Pods.xcconfig */,
			);
			sourceTree = "<group>";
		};
		6447941715EC234B001CEBB0 /* Products */ = {
			isa = PBXGroup;
			children = (
				6447941615EC234B001CEBB0 /* hopup.app */,
			);
			name = Products;
			sourceTree = "<group>";
		};
		6447941915EC234B001CEBB0 /* Frameworks */ = {
			isa = PBXGroup;
			children = (
				64E06DD815FE69C80076D4BC /* MapKit.framework */,
				644794BC15EC2D63001CEBB0 /* QuartzCore.framework */,
				6447941A15EC234C001CEBB0 /* UIKit.framework */,
				6447941C15EC234C001CEBB0 /* Foundation.framework */,
				6447941E15EC234C001CEBB0 /* CoreGraphics.framework */,
				7B882911A45D47A4A9F2E946 /* libPods.a */,
			);
			name = Frameworks;
			sourceTree = "<group>";
		};
		6447942015EC234C001CEBB0 /* hopup */ = {
			isa = PBXGroup;
			children = (
				649CE56E15FA807000F38512 /* Data Store */,
				64E06DF015FF17CD0076D4BC /* Images */,
				649CE57015FA80B400F38512 /* Models */,
				649CE57715FAA04D00F38512 /* Protocols */,
				649CE57115FA80E500F38512 /* Tools */,
				649CE57315FA812700F38512 /* View Cells */,
				649CE57215FA80F800F38512 /* View Controllers */,
				6447942915EC234C001CEBB0 /* AppDelegate.h */,
				6447942A15EC234C001CEBB0 /* AppDelegate.m */,
				6447942115EC234C001CEBB0 /* Supporting Files */,
			);
			path = hopup;
			sourceTree = "<group>";
		};
		6447942115EC234C001CEBB0 /* Supporting Files */ = {
			isa = PBXGroup;
			children = (
				6447942215EC234C001CEBB0 /* hopup-Info.plist */,
				6447942315EC234C001CEBB0 /* InfoPlist.strings */,
				6447942615EC234C001CEBB0 /* main.m */,
				6447942815EC234C001CEBB0 /* hopup-Prefix.pch */,
			);
			name = "Supporting Files";
			sourceTree = "<group>";
		};
		649CE56E15FA807000F38512 /* Data Store */ = {
			isa = PBXGroup;
			children = (
				649E82AE15FC1C9A0077EEF7 /* TagsStore.h */,
				649E82AF15FC1C9A0077EEF7 /* TagsStore.m */,
				64822A1415ED7CFB00844696 /* TopicsStore.h */,
				64822A1515ED7CFB00844696 /* TopicsStore.m */,
				649CE57415FA84CB00F38512 /* SessionStore.h */,
				649CE57515FA84CB00F38512 /* SessionStore.m */,
				649CE57815FAA38B00F38512 /* SubscriptionsStore.h */,
				649CE57915FAA38B00F38512 /* SubscriptionsStore.m */,
				6480665A15FFBABF000CC223 /* UsersStore.h */,
				6480665B15FFBABF000CC223 /* UsersStore.m */,
			);
			name = "Data Store";
			sourceTree = "<group>";
		};
		649CE57015FA80B400F38512 /* Models */ = {
			isa = PBXGroup;
			children = (
				649CE57B15FAA71C00F38512 /* Subscription.h */,
				649CE57C15FAA71C00F38512 /* Subscription.m */,
				64E06DDB15FE72740076D4BC /* Tag.h */,
				64E06DDC15FE72740076D4BC /* Tag.m */,
				64A1C09C15EEEBE100A71B48 /* Topic.h */,
				64A1C09D15EEEBE100A71B48 /* Topic.m */,
				644794F415EC5AF5001CEBB0 /* User.h */,
				644794F515EC5AF5001CEBB0 /* User.m */,
			);
			name = Models;
			sourceTree = "<group>";
		};
		649CE57115FA80E500F38512 /* Tools */ = {
			isa = PBXGroup;
			children = (
				64822A0C15ED73CC00844696 /* MBProgressHUD.h */,
				64822A0D15ED73CC00844696 /* MBProgressHUD.m */,
			);
			name = Tools;
			sourceTree = "<group>";
		};
		649CE57215FA80F800F38512 /* View Controllers */ = {
			isa = PBXGroup;
			children = (
				644794CD15EC358D001CEBB0 /* MenuViewController.h */,
				644794CE15EC358D001CEBB0 /* MenuViewController.m */,
				644794C015EC3022001CEBB0 /* SignInViewController.h */,
				644794C115EC3022001CEBB0 /* SignInViewController.m */,
				644794C215EC3022001CEBB0 /* SignInViewController.xib */,
				648229F515ED543E00844696 /* SubscriptionsViewController.h */,
				648229F615ED543E00844696 /* SubscriptionsViewController.m */,
				64E06DE815FE9C960076D4BC /* TagsViewController.h */,
				64E06DE915FE9C960076D4BC /* TagsViewController.m */,
				6405B11215FAF007008292EA /* TopicsViewController.h */,
				6405B11315FAF008008292EA /* TopicsViewController.m */,
			);
			name = "View Controllers";
			sourceTree = "<group>";
		};
		649CE57315FA812700F38512 /* View Cells */ = {
			isa = PBXGroup;
			children = (
				648229FA15ED560400844696 /* MenuCell.h */,
				648229FB15ED560400844696 /* MenuCell.m */,
				6405B10F15FAE9DA008292EA /* NewTopicCell.h */,
				6405B11015FAE9DA008292EA /* NewTopicCell.m */,
				64E06DDE15FE78C20076D4BC /* TagCell.h */,
				64E06DDF15FE78C20076D4BC /* TagCell.m */,
				64822A0915ED71E800844696 /* TopicCell.h */,
				64822A0A15ED71E800844696 /* TopicCell.m */,
			);
			name = "View Cells";
			sourceTree = "<group>";
		};
		649CE57715FAA04D00F38512 /* Protocols */ = {
			isa = PBXGroup;
			children = (
				644794D715EC3E62001CEBB0 /* SignInViewControllerDelegate.h */,
			);
			name = Protocols;
			sourceTree = "<group>";
		};
		64E06DF015FF17CD0076D4BC /* Images */ = {
			isa = PBXGroup;
			children = (
				64E06E0515FF28B80076D4BC /* Background.png */,
				64E06E0615FF28B80076D4BC /* Background@2x.png */,
				64E06E0115FF220A0076D4BC /* BackgroundCell.png */,
				64E06E0215FF220A0076D4BC /* BackgroundCell@2x.png */,
				64E06DFD15FF205E0076D4BC /* BackgroundNavigationBar.png */,
				64E06DFE15FF205E0076D4BC /* BackgroundNavigationBar@2x.png */,
				64E06E0915FF2AD30076D4BC /* ButtonBack.png */,
				64E06E0A15FF2AD40076D4BC /* ButtonBack@2x.png */,
				64E06E0B15FF2AD50076D4BC /* ButtonBackSelected.png */,
				64E06E0C15FF2AD60076D4BC /* ButtonBackSelected@2x.png */,
				64E06E1115FF2B040076D4BC /* ButtonNavigationBar.png */,
				64E06E1215FF2B050076D4BC /* ButtonNavigationBar@2x.png */,
				64E06E1315FF2B050076D4BC /* ButtonNavigationBarSelected.png */,
				64E06E1415FF2B060076D4BC /* ButtonNavigationBarSelected@2x.png */,
				64E06DF915FF1F260076D4BC /* ButtonSignin.png */,
				64E06DFA15FF1F260076D4BC /* ButtonSignin@2x.png */,
				64E06DF115FF17E50076D4BC /* signin.png */,
				64E06DF215FF17E50076D4BC /* signin@2x.png */,
			);
			name = Images;
			sourceTree = "<group>";
		};
/* End PBXGroup section */

/* Begin PBXNativeTarget section */
		6447941515EC234B001CEBB0 /* hopup */ = {
			isa = PBXNativeTarget;
			buildConfigurationList = 6447942E15EC234C001CEBB0 /* Build configuration list for PBXNativeTarget "hopup" */;
			buildPhases = (
				6447941215EC234B001CEBB0 /* Sources */,
				6447941315EC234B001CEBB0 /* Frameworks */,
				6447941415EC234B001CEBB0 /* Resources */,
				80369D0707E34C24AAFF8F5F /* Copy Pods Resources */,
			);
			buildRules = (
			);
			dependencies = (
			);
			name = hopup;
			productName = hopup;
			productReference = 6447941615EC234B001CEBB0 /* hopup.app */;
			productType = "com.apple.product-type.application";
		};
/* End PBXNativeTarget section */

/* Begin PBXProject section */
		6447940D15EC234B001CEBB0 /* Project object */ = {
			isa = PBXProject;
			attributes = {
				LastUpgradeCheck = 0440;
				ORGANIZATIONNAME = "Edward Kim";
			};
			buildConfigurationList = 6447941015EC234B001CEBB0 /* Build configuration list for PBXProject "hopup" */;
			compatibilityVersion = "Xcode 3.2";
			developmentRegion = English;
			hasScannedForEncodings = 0;
			knownRegions = (
				en,
			);
			mainGroup = 6447940B15EC234B001CEBB0;
			productRefGroup = 6447941715EC234B001CEBB0 /* Products */;
			projectDirPath = "";
			projectRoot = "";
			targets = (
				6447941515EC234B001CEBB0 /* hopup */,
			);
		};
/* End PBXProject section */

/* Begin PBXResourcesBuildPhase section */
		6447941415EC234B001CEBB0 /* Resources */ = {
			isa = PBXResourcesBuildPhase;
			buildActionMask = 2147483647;
			files = (
				6447942515EC234C001CEBB0 /* InfoPlist.strings in Resources */,
				644794C415EC3022001CEBB0 /* SignInViewController.xib in Resources */,
				64E06DF315FF17E50076D4BC /* signin.png in Resources */,
				64E06DF415FF17E50076D4BC /* signin@2x.png in Resources */,
				64E06DFB15FF1F260076D4BC /* ButtonSignin.png in Resources */,
				64E06DFC15FF1F260076D4BC /* ButtonSignin@2x.png in Resources */,
				64E06DFF15FF205F0076D4BC /* BackgroundNavigationBar.png in Resources */,
				64E06E0015FF205F0076D4BC /* BackgroundNavigationBar@2x.png in Resources */,
				64E06E0315FF220B0076D4BC /* BackgroundCell.png in Resources */,
				64E06E0415FF220B0076D4BC /* BackgroundCell@2x.png in Resources */,
				64E06E0715FF28B90076D4BC /* Background.png in Resources */,
				64E06E0815FF28B90076D4BC /* Background@2x.png in Resources */,
				64E06E0D15FF2AD70076D4BC /* ButtonBack.png in Resources */,
				64E06E0E15FF2AD70076D4BC /* ButtonBack@2x.png in Resources */,
				64E06E0F15FF2AD70076D4BC /* ButtonBackSelected.png in Resources */,
				64E06E1015FF2AD70076D4BC /* ButtonBackSelected@2x.png in Resources */,
				64E06E1515FF2B070076D4BC /* ButtonNavigationBar.png in Resources */,
				64E06E1615FF2B070076D4BC /* ButtonNavigationBar@2x.png in Resources */,
				64E06E1715FF2B070076D4BC /* ButtonNavigationBarSelected.png in Resources */,
				64E06E1815FF2B070076D4BC /* ButtonNavigationBarSelected@2x.png in Resources */,
			);
			runOnlyForDeploymentPostprocessing = 0;
		};
/* End PBXResourcesBuildPhase section */

/* Begin PBXShellScriptBuildPhase section */
		80369D0707E34C24AAFF8F5F /* Copy Pods Resources */ = {
			isa = PBXShellScriptBuildPhase;
			buildActionMask = 2147483647;
			files = (
			);
			inputPaths = (
			);
			name = "Copy Pods Resources";
			outputPaths = (
			);
			runOnlyForDeploymentPostprocessing = 0;
			shellPath = /bin/sh;
			shellScript = "\"${SRCROOT}/Pods/Pods-resources.sh\"\n";
		};
/* End PBXShellScriptBuildPhase section */

/* Begin PBXSourcesBuildPhase section */
		6447941215EC234B001CEBB0 /* Sources */ = {
			isa = PBXSourcesBuildPhase;
			buildActionMask = 2147483647;
			files = (
				6447942715EC234C001CEBB0 /* main.m in Sources */,
				6447942B15EC234C001CEBB0 /* AppDelegate.m in Sources */,
				644794C315EC3022001CEBB0 /* SignInViewController.m in Sources */,
				644794CF15EC358D001CEBB0 /* MenuViewController.m in Sources */,
				644794F615EC5AF5001CEBB0 /* User.m in Sources */,
				648229F815ED543E00844696 /* SubscriptionsViewController.m in Sources */,
				648229FC15ED560400844696 /* MenuCell.m in Sources */,
				64822A0B15ED71E800844696 /* TopicCell.m in Sources */,
				64822A0E15ED73CC00844696 /* MBProgressHUD.m in Sources */,
				64822A1615ED7CFB00844696 /* TopicsStore.m in Sources */,
				64A1C09E15EEEBE100A71B48 /* Topic.m in Sources */,
				649CE57615FA84CB00F38512 /* SessionStore.m in Sources */,
				649CE57A15FAA38B00F38512 /* SubscriptionsStore.m in Sources */,
				649CE57D15FAA71C00F38512 /* Subscription.m in Sources */,
				6405B11115FAE9DA008292EA /* NewTopicCell.m in Sources */,
				6405B11415FAF008008292EA /* TopicsViewController.m in Sources */,
				649E82B015FC1C9A0077EEF7 /* TagsStore.m in Sources */,
				64E06DDD15FE72740076D4BC /* Tag.m in Sources */,
				64E06DE015FE78C20076D4BC /* TagCell.m in Sources */,
				64E06DEA15FE9C960076D4BC /* TagsViewController.m in Sources */,
				6480665C15FFBABF000CC223 /* UsersStore.m in Sources */,
			);
			runOnlyForDeploymentPostprocessing = 0;
		};
/* End PBXSourcesBuildPhase section */

/* Begin PBXVariantGroup section */
		6447942315EC234C001CEBB0 /* InfoPlist.strings */ = {
			isa = PBXVariantGroup;
			children = (
				6447942415EC234C001CEBB0 /* en */,
			);
			name = InfoPlist.strings;
			sourceTree = "<group>";
		};
/* End PBXVariantGroup section */

/* Begin XCBuildConfiguration section */
		6447942C15EC234C001CEBB0 /* Debug */ = {
			isa = XCBuildConfiguration;
			buildSettings = {
				ALWAYS_SEARCH_USER_PATHS = NO;
				ARCHS = "$(ARCHS_STANDARD_32_BIT)";
				CLANG_CXX_LANGUAGE_STANDARD = "gnu++0x";
				CLANG_ENABLE_OBJC_ARC = YES;
				CLANG_WARN__DUPLICATE_METHOD_MATCH = YES;
				"CODE_SIGN_IDENTITY[sdk=iphoneos*]" = "iPhone Developer";
				COPY_PHASE_STRIP = NO;
				GCC_C_LANGUAGE_STANDARD = gnu99;
				GCC_DYNAMIC_NO_PIC = NO;
				GCC_OPTIMIZATION_LEVEL = 0;
				GCC_PREPROCESSOR_DEFINITIONS = (
					"DEBUG=1",
					"$(inherited)",
				);
				GCC_SYMBOLS_PRIVATE_EXTERN = NO;
				GCC_VERSION = com.apple.compilers.llvm.clang.1_0;
				GCC_WARN_ABOUT_RETURN_TYPE = YES;
				GCC_WARN_UNINITIALIZED_AUTOS = YES;
				GCC_WARN_UNUSED_VARIABLE = YES;
				IPHONEOS_DEPLOYMENT_TARGET = 5.1;
				SDKROOT = iphoneos;
			};
			name = Debug;
		};
		6447942D15EC234C001CEBB0 /* Release */ = {
			isa = XCBuildConfiguration;
			buildSettings = {
				ALWAYS_SEARCH_USER_PATHS = NO;
				ARCHS = "$(ARCHS_STANDARD_32_BIT)";
				CLANG_CXX_LANGUAGE_STANDARD = "gnu++0x";
				CLANG_ENABLE_OBJC_ARC = YES;
				CLANG_WARN__DUPLICATE_METHOD_MATCH = YES;
				"CODE_SIGN_IDENTITY[sdk=iphoneos*]" = "iPhone Developer";
				COPY_PHASE_STRIP = YES;
				GCC_C_LANGUAGE_STANDARD = gnu99;
				GCC_VERSION = com.apple.compilers.llvm.clang.1_0;
				GCC_WARN_ABOUT_RETURN_TYPE = YES;
				GCC_WARN_UNINITIALIZED_AUTOS = YES;
				GCC_WARN_UNUSED_VARIABLE = YES;
				IPHONEOS_DEPLOYMENT_TARGET = 5.1;
				OTHER_CFLAGS = "-DNS_BLOCK_ASSERTIONS=1";
				SDKROOT = iphoneos;
				VALIDATE_PRODUCT = YES;
			};
			name = Release;
		};
		6447942F15EC234C001CEBB0 /* Debug */ = {
			isa = XCBuildConfiguration;
			baseConfigurationReference = 4EB67BCFB68340BABEE27A81 /* Pods.xcconfig */;
			buildSettings = {
				GCC_PRECOMPILE_PREFIX_HEADER = YES;
				GCC_PREFIX_HEADER = "hopup/hopup-Prefix.pch";
				INFOPLIST_FILE = "hopup/hopup-Info.plist";
				PRODUCT_NAME = "$(TARGET_NAME)";
				WRAPPER_EXTENSION = app;
			};
			name = Debug;
		};
		6447943015EC234C001CEBB0 /* Release */ = {
			isa = XCBuildConfiguration;
			baseConfigurationReference = 4EB67BCFB68340BABEE27A81 /* Pods.xcconfig */;
			buildSettings = {
				GCC_PRECOMPILE_PREFIX_HEADER = YES;
				GCC_PREFIX_HEADER = "hopup/hopup-Prefix.pch";
				INFOPLIST_FILE = "hopup/hopup-Info.plist";
				PRODUCT_NAME = "$(TARGET_NAME)";
				WRAPPER_EXTENSION = app;
			};
			name = Release;
		};
/* End XCBuildConfiguration section */

/* Begin XCConfigurationList section */
		6447941015EC234B001CEBB0 /* Build configuration list for PBXProject "hopup" */ = {
			isa = XCConfigurationList;
			buildConfigurations = (
				6447942C15EC234C001CEBB0 /* Debug */,
				6447942D15EC234C001CEBB0 /* Release */,
			);
			defaultConfigurationIsVisible = 0;
			defaultConfigurationName = Release;
		};
		6447942E15EC234C001CEBB0 /* Build configuration list for PBXNativeTarget "hopup" */ = {
			isa = XCConfigurationList;
			buildConfigurations = (
				6447942F15EC234C001CEBB0 /* Debug */,
				6447943015EC234C001CEBB0 /* Release */,
			);
			defaultConfigurationIsVisible = 0;
			defaultConfigurationName = Release;
		};
/* End XCConfigurationList section */
	};
	rootObject = 6447940D15EC234B001CEBB0 /* Project object */;
}
